
Microsoft Visual Studio Solution File, Format Version 12.00
# Visual Studio 15
VisualStudioVersion = 15.0.28307.572
MinimumVisualStudioVersion = 10.0.40219.1
Project("{FAE04EC0-301F-11D3-BF4B-00C04F79EFBC}") = "LoginUi.Android", "LoginUi\LoginUi.Android\LoginUi.Android.csproj", "{1E6D5D9B-0238-4929-97D9-51FCFE6C48E0}"
EndProject
Project("{FAE04EC0-301F-11D3-BF4B-00C04F79EFBC}") = "LoginUi.iOS", "LoginUi\LoginUi.iOS\LoginUi.iOS.csproj", "{73F72E54-5D8F-4710-8600-A0999BF358DD}"
EndProject
Project("{FAE04EC0-301F-11D3-BF4B-00C04F79EFBC}") = "LoginUi", "LoginUi\LoginUi\LoginUi.csproj", "{727E7975-5B5B-410B-A8EB-E1FC4A41C4C2}"
EndProject
Global
	GlobalSection(SolutionConfigurationPlatforms) = preSolution
		Ad-Hoc|Any CPU = Ad-Hoc|Any CPU
		Ad-Hoc|iPhone = Ad-Hoc|iPhone
		Ad-Hoc|iPhoneSimulator = Ad-Hoc|iPhoneSimulator
		AppStore|Any CPU = AppStore|Any CPU
		AppStore|iPhone = AppStore|iPhone
		AppStore|iPhoneSimulator = AppStore|iPhoneSimulator
		Debug|Any CPU = Debug|Any CPU
		Debug|iPhone = Debug|iPhone
		Debug|iPhoneSimulator = Debug|iPhoneSimulator
		Release|Any CPU = Release|Any CPU
		Release|iPhone = Release|iPhone
		Release|iPhoneSimulator = Release|iPhoneSimulator
	EndGlobalSection
	GlobalSection(ProjectConfigurationPlatforms) = postSolution
		{1E6D5D9B-0238-4929-97D9-51FCFE6C48E0}.Ad-Hoc|Any CPU.ActiveCfg = Release|Any CPU
		{1E6D5D9B-0238-4929-97D9-51FCFE6C48E0}.Ad-Hoc|Any CPU.Build.0 = Release|Any CPU
		{1E6D5D9B-0238-4929-97D9-51FCFE6C48E0}.Ad-Hoc|Any CPU.Deploy.0 = Release|Any CPU
		{1E6D5D9B-0238-4929-97D9-51FCFE6C48E0}.Ad-Hoc|iPhone.ActiveCfg = Release|Any CPU
		{1E6D5D9B-0238-4929-97D9-51FCFE6C48E0}.Ad-Hoc|iPhone.Build.0 = Release|Any CPU
		{1E6D5D9B-0238-4929-97D9-51FCFE6C48E0}.Ad-Hoc|iPhone.Deploy.0 = Release|Any CPU
		{1E6D5D9B-0238-4929-97D9-51FCFE6C48E0}.Ad-Hoc|iPhoneSimulator.ActiveCfg = Release|Any CPU
		{1E6D5D9B-0238-4929-97D9-51FCFE6C48E0}.Ad-Hoc|iPhoneSimulator.Build.0 = Release|Any CPU
		{1E6D5D9B-0238-4929-97D9-51FCFE6C48E0}.Ad-Hoc|iPhoneSimulator.Deploy.0 = Release|Any CPU
		{1E6D5D9B-0238-4929-97D9-51FCFE6C48E0}.AppStore|Any CPU.ActiveCfg = Release|Any CPU
		{1E6D5D9B-0238-4929-97D9-51FCFE6C48E0}.AppStore|Any CPU.Build.0 = Release|Any CPU
		{1E6D5D9B-0238-4929-97D9-51FCFE6C48E0}.AppStore|Any CPU.Deploy.0 = Release|Any CPU
		{1E6D5D9B-0238-4929-97D9-51FCFE6C48E0}.AppStore|iPhone.ActiveCfg = Release|Any CPU
		{1E6D5D9B-0238-4929-97D9-51FCFE6C48E0}.AppStore|iPhone.Build.0 = Release|Any CPU
		{1E6D5D9B-0238-4929-97D9-51FCFE6C48E0}.AppStore|iPhone.Deploy.0 = Release|Any CPU
		{1E6D5D9B-0238-4929-97D9-51FCFE6C48E0}.AppStore|iPhoneSimulator.ActiveCfg = Release|Any CPU
		{1E6D5D9B-0238-4929-97D9-51FCFE6C48E0}.AppStore|iPhoneSimulator.Build.0 = Release|Any CPU
		{1E6D5D9B-0238-4929-97D9-51FCFE6C48E0}.AppStore|iPhoneSimulator.Deploy.0 = Release|Any CPU
		{1E6D5D9B-0238-4929-97D9-51FCFE6C48E0}.Debug|Any CPU.ActiveCfg = Debug|Any CPU
		{1E6D5D9B-0238-4929-97D9-51FCFE6C48E0}.Debug|Any CPU.Build.0 = Debug|Any CPU
		{1E6D5D9B-0238-4929-97D9-51FCFE6C48E0}.Debug|Any CPU.Deploy.0 = Debug|Any CPU
		{1E6D5D9B-0238-4929-97D9-51FCFE6C48E0}.Debug|iPhone.ActiveCfg = Debug|Any CPU
		{1E6D5D9B-0238-4929-97D9-51FCFE6C48E0}.Debug|iPhone.Build.0 = Debug|Any CPU
		{1E6D5D9B-0238-4929-97D9-51FCFE6C48E0}.Debug|iPhone.Deploy.0 = Debug|Any CPU
		{1E6D5D9B-0238-4929-97D9-51FCFE6C48E0}.Debug|iPhoneSimulator.ActiveCfg = Debug|Any CPU
		{1E6D5D9B-0238-4929-97D9-51FCFE6C48E0}.Debug|iPhoneSimulator.Build.0 = Debug|Any CPU
		{1E6D5D9B-0238-4929-97D9-51FCFE6C48E0}.Debug|iPhoneSimulator.Deploy.0 = Debug|Any CPU
		{1E6D5D9B-0238-4929-97D9-51FCFE6C48E0}.Release|Any CPU.ActiveCfg = Release|Any CPU
		{1E6D5D9B-0238-4929-97D9-51FCFE6C48E0}.Release|Any CPU.Build.0 = Release|Any CPU
		{1E6D5D9B-0238-4929-97D9-51FCFE6C48E0}.Release|Any CPU.Deploy.0 = Release|Any CPU
		{1E6D5D9B-0238-4929-97D9-51FCFE6C48E0}.Release|iPhone.ActiveCfg = Release|Any CPU
		{1E6D5D9B-0238-4929-97D9-51FCFE6C48E0}.Release|iPhone.Build.0 = Release|Any CPU
		{1E6D5D9B-0238-4929-97D9-51FCFE6C48E0}.Release|iPhone.Deploy.0 = Release|Any CPU
		{1E6D5D9B-0238-4929-97D9-51FCFE6C48E0}.Release|iPhoneSimulator.ActiveCfg = Release|Any CPU
		{1E6D5D9B-0238-4929-97D9-51FCFE6C48E0}.Release|iPhoneSimulator.Build.0 = Release|Any CPU
		{1E6D5D9B-0238-4929-97D9-51FCFE6C48E0}.Release|iPhoneSimulator.Deploy.0 = Release|Any CPU
		{73F72E54-5D8F-4710-8600-A0999BF358DD}.Ad-Hoc|Any CPU.ActiveCfg = Ad-Hoc|iPhone
		{73F72E54-5D8F-4710-8600-A0999BF358DD}.Ad-Hoc|Any CPU.Build.0 = Ad-Hoc|iPhone
		{73F72E54-5D8F-4710-8600-A0999BF358DD}.Ad-Hoc|Any CPU.Deploy.0 = Ad-Hoc|iPhone
		{73F72E54-5D8F-4710-8600-A0999BF358DD}.Ad-Hoc|iPhone.ActiveCfg = Ad-Hoc|iPhone
		{73F72E54-5D8F-4710-8600-A0999BF358DD}.Ad-Hoc|iPhone.Build.0 = Ad-Hoc|iPhone
		{73F72E54-5D8F-4710-8600-A0999BF358DD}.Ad-Hoc|iPhone.Deploy.0 = Ad-Hoc|iPhone
		{73F72E54-5D8F-4710-8600-A0999BF358DD}.Ad-Hoc|iPhoneSimulator.ActiveCfg = Ad-Hoc|iPhoneSimulator
		{73F72E54-5D8F-4710-8600-A0999BF358DD}.Ad-Hoc|iPhoneSimulator.Build.0 = Ad-Hoc|iPhoneSimulator
		{73F72E54-5D8F-4710-8600-A0999BF358DD}.Ad-Hoc|iPhoneSimulator.Deploy.0 = Ad-Hoc|iPhoneSimulator
		{73F72E54-5D8F-4710-8600-A0999BF358DD}.AppStore|Any CPU.ActiveCfg = AppStore|iPhone
		{73F72E54-5D8F-4710-8600-A0999BF358DD}.AppStore|Any CPU.Build.0 = AppStore|iPhone
		{73F72E54-5D8F-4710-8600-A0999BF358DD}.AppStore|Any CPU.Deploy.0 = AppStore|iPhone
		{73F72E54-5D8F-4710-8600-A0999BF358DD}.AppStore|iPhone.ActiveCfg = AppStore|iPhone
		{73F72E54-5D8F-4710-8600-A0999BF358DD}.AppStore|iPhone.Build.0 = AppStore|iPhone
		{73F72E54-5D8F-4710-8600-A0999BF358DD}.AppStore|iPhone.Deploy.0 = AppStore|iPhone
		{73F72E54-5D8F-4710-8600-A0999BF358DD}.AppStore|iPhoneSimulator.ActiveCfg = AppStore|iPhoneSimulator
		{73F72E54-5D8F-4710-8600-A0999BF358DD}.AppStore|iPhoneSimulator.Build.0 = AppStore|iPhoneSimulator
		{73F72E54-5D8F-4710-8600-A0999BF358DD}.AppStore|iPhoneSimulator.Deploy.0 = AppStore|iPhoneSimulator
		{73F72E54-5D8F-4710-8600-A0999BF358DD}.Debug|Any CPU.ActiveCfg = Debug|iPhoneSimulator
		{73F72E54-5D8F-4710-8600-A0999BF358DD}.Debug|Any CPU.Build.0 = Debug|iPhoneSimulator
		{73F72E54-5D8F-4710-8600-A0999BF358DD}.Debug|Any CPU.Deploy.0 = Debug|iPhoneSimulator
		{73F72E54-5D8F-4710-8600-A0999BF358DD}.Debug|iPhone.ActiveCfg = Debug|iPhone
		{73F72E54-5D8F-4710-8600-A0999BF358DD}.Debug|iPhone.Build.0 = Debug|iPhone
		{73F72E54-5D8F-4710-8600-A0999BF358DD}.Debug|iPhone.Deploy.0 = Debug|iPhone
		{73F72E54-5D8F-4710-8600-A0999BF358DD}.Debug|iPhoneSimulator.ActiveCfg = Debug|iPhoneSimulator
		{73F72E54-5D8F-4710-8600-A0999BF358DD}.Debug|iPhoneSimulator.Build.0 = Debug|iPhoneSimulator
		{73F72E54-5D8F-4710-8600-A0999BF358DD}.Debug|iPhoneSimulator.Deploy.0 = Debug|iPhoneSimulator
		{73F72E54-5D8F-4710-8600-A0999BF358DD}.Release|Any CPU.ActiveCfg = Release|iPhone
		{73F72E54-5D8F-4710-8600-A0999BF358DD}.Release|Any CPU.Build.0 = Release|iPhone
		{73F72E54-5D8F-4710-8600-A0999BF358DD}.Release|Any CPU.Deploy.0 = Release|iPhone
		{73F72E54-5D8F-4710-8600-A0999BF358DD}.Release|iPhone.ActiveCfg = Release|iPhone
		{73F72E54-5D8F-4710-8600-A0999BF358DD}.Release|iPhone.Build.0 = Release|iPhone
		{73F72E54-5D8F-4710-8600-A0999BF358DD}.Release|iPhone.Deploy.0 = Release|iPhone
		{73F72E54-5D8F-4710-8600-A0999BF358DD}.Release|iPhoneSimulator.ActiveCfg = Release|iPhoneSimulator
		{73F72E54-5D8F-4710-8600-A0999BF358DD}.Release|iPhoneSimulator.Build.0 = Release|iPhoneSimulator
		{73F72E54-5D8F-4710-8600-A0999BF358DD}.Release|iPhoneSimulator.Deploy.0 = Release|iPhoneSimulator
		{727E7975-5B5B-410B-A8EB-E1FC4A41C4C2}.Ad-Hoc|Any CPU.ActiveCfg = Debug|Any CPU
		{727E7975-5B5B-410B-A8EB-E1FC4A41C4C2}.Ad-Hoc|Any CPU.Build.0 = Debug|Any CPU
		{727E7975-5B5B-410B-A8EB-E1FC4A41C4C2}.Ad-Hoc|Any CPU.Deploy.0 = Debug|Any CPU
		{727E7975-5B5B-410B-A8EB-E1FC4A41C4C2}.Ad-Hoc|iPhone.ActiveCfg = Debug|Any CPU
		{727E7975-5B5B-410B-A8EB-E1FC4A41C4C2}.Ad-Hoc|iPhone.Build.0 = Debug|Any CPU
		{727E7975-5B5B-410B-A8EB-E1FC4A41C4C2}.Ad-Hoc|iPhone.Deploy.0 = Debug|Any CPU
		{727E7975-5B5B-410B-A8EB-E1FC4A41C4C2}.Ad-Hoc|iPhoneSimulator.ActiveCfg = Debug|Any CPU
		{727E7975-5B5B-410B-A8EB-E1FC4A41C4C2}.Ad-Hoc|iPhoneSimulator.Build.0 = Debug|Any CPU
		{727E7975-5B5B-410B-A8EB-E1FC4A41C4C2}.Ad-Hoc|iPhoneSimulator.Deploy.0 = Debug|Any CPU
		{727E7975-5B5B-410B-A8EB-E1FC4A41C4C2}.AppStore|Any CPU.ActiveCfg = Debug|Any CPU
		{727E7975-5B5B-410B-A8EB-E1FC4A41C4C2}.AppStore|Any CPU.Build.0 = Debug|Any CPU
		{727E7975-5B5B-410B-A8EB-E1FC4A41C4C2}.AppStore|Any CPU.Deploy.0 = Debug|Any CPU
		{727E7975-5B5B-410B-A8EB-E1FC4A41C4C2}.AppStore|iPhone.ActiveCfg = Debug|Any CPU
		{727E7975-5B5B-410B-A8EB-E1FC4A41C4C2}.AppStore|iPhone.Build.0 = Debug|Any CPU
		{727E7975-5B5B-410B-A8EB-E1FC4A41C4C2}.AppStore|iPhone.Deploy.0 = Debug|Any CPU
		{727E7975-5B5B-410B-A8EB-E1FC4A41C4C2}.AppStore|iPhoneSimulator.ActiveCfg = Debug|Any CPU
		{727E7975-5B5B-410B-A8EB-E1FC4A41C4C2}.AppStore|iPhoneSimulator.Build.0 = Debug|Any CPU
		{727E7975-5B5B-410B-A8EB-E1FC4A41C4C2}.AppStore|iPhoneSimulator.Deploy.0 = Debug|Any CPU
		{727E7975-5B5B-410B-A8EB-E1FC4A41C4C2}.Debug|Any CPU.ActiveCfg = Debug|Any CPU
		{727E7975-5B5B-410B-A8EB-E1FC4A41C4C2}.Debug|Any CPU.Build.0 = Debug|Any CPU
		{727E7975-5B5B-410B-A8EB-E1FC4A41C4C2}.Debug|Any CPU.Deploy.0 = Debug|Any CPU
		{727E7975-5B5B-410B-A8EB-E1FC4A41C4C2}.Debug|iPhone.ActiveCfg = Debug|Any CPU
		{727E7975-5B5B-410B-A8EB-E1FC4A41C4C2}.Debug|iPhone.Build.0 = Debug|Any CPU
		{727E7975-5B5B-410B-A8EB-E1FC4A41C4C2}.Debug|iPhone.Deploy.0 = Debug|Any CPU
		{727E7975-5B5B-410B-A8EB-E1FC4A41C4C2}.Debug|iPhoneSimulator.ActiveCfg = Debug|Any CPU
		{727E7975-5B5B-410B-A8EB-E1FC4A41C4C2}.Debug|iPhoneSimulator.Build.0 = Debug|Any CPU
		{727E7975-5B5B-410B-A8EB-E1FC4A41C4C2}.Debug|iPhoneSimulator.Deploy.0 = Debug|Any CPU
		{727E7975-5B5B-410B-A8EB-E1FC4A41C4C2}.Release|Any CPU.ActiveCfg = Release|Any CPU
		{727E7975-5B5B-410B-A8EB-E1FC4A41C4C2}.Release|Any CPU.Build.0 = Release|Any CPU
		{727E7975-5B5B-410B-A8EB-E1FC4A41C4C2}.Release|Any CPU.Deploy.0 = Release|Any CPU
		{727E7975-5B5B-410B-A8EB-E1FC4A41C4C2}.Release|iPhone.ActiveCfg = Release|Any CPU
		{727E7975-5B5B-410B-A8EB-E1FC4A41C4C2}.Release|iPhone.Build.0 = Release|Any CPU
		{727E7975-5B5B-410B-A8EB-E1FC4A41C4C2}.Release|iPhone.Deploy.0 = Release|Any CPU
		{727E7975-5B5B-410B-A8EB-E1FC4A41C4C2}.Release|iPhoneSimulator.ActiveCfg = Release|Any CPU
		{727E7975-5B5B-410B-A8EB-E1FC4A41C4C2}.Release|iPhoneSimulator.Build.0 = Release|Any CPU
		{727E7975-5B5B-410B-A8EB-E1FC4A41C4C2}.Release|iPhoneSimulator.Deploy.0 = Release|Any CPU
	EndGlobalSection
	GlobalSection(SolutionProperties) = preSolution
		HideSolutionNode = FALSE
	EndGlobalSection
	GlobalSection(ExtensibilityGlobals) = postSolution
		SolutionGuid = {54933BCA-B10B-463A-9B23-C9878747C353}
	EndGlobalSection
EndGlobal
